
Microsoft Visual Studio Solution File, Format Version 12.00
# Visual Studio Express 2012 for Windows Desktop
Project("{FAE04EC0-301F-11D3-BF4B-00C04F79EFBC}") = "ConsoleApplication37", "ConsoleApplication37\ConsoleApplication37.csproj", "{829FDCFA-CF6D-4BC6-96A4-2A61F742EF1D}"
EndProject
Global
	GlobalSection(SolutionConfigurationPlatforms) = preSolution
		Debug|Any CPU = Debug|Any CPU
		Release|Any CPU = Release|Any CPU
	EndGlobalSection
	GlobalSection(ProjectConfigurationPlatforms) = postSolution
		{829FDCFA-CF6D-4BC6-96A4-2A61F742EF1D}.Debug|Any CPU.ActiveCfg = Debug|Any CPU
		{829FDCFA-CF6D-4BC6-96A4-2A61F742EF1D}.Debug|Any CPU.Build.0 = Debug|Any CPU
		{829FDCFA-CF6D-4BC6-96A4-2A61F742EF1D}.Release|Any CPU.ActiveCfg = Release|Any CPU
		{829FDCFA-CF6D-4BC6-96A4-2A61F742EF1D}.Release|Any CPU.Build.0 = Release|Any CPU
	EndGlobalSection
	GlobalSection(SolutionProperties) = preSolution
		HideSolutionNode = FALSE
	EndGlobalSection
EndGlobal
